
Microsoft Visual Studio Solution File, Format Version 12.00
# Visual Studio Version 17
VisualStudioVersion = 17.14.36511.14 d17.14
MinimumVisualStudioVersion = 10.0.40219.1
Project("{FAE04EC0-301F-11D3-BF4B-00C04F79EFBC}") = "TestAPIMongo", "TestAPIMongo\TestAPIMongo.csproj", "{6F8EC390-9B1E-4230-BC5B-0ABD20C9193F}"
EndProject
Global
	GlobalSection(SolutionConfigurationPlatforms) = preSolution
		Debug|Any CPU = Debug|Any CPU
		Release|Any CPU = Release|Any CPU
	EndGlobalSection
	GlobalSection(ProjectConfigurationPlatforms) = postSolution
		{6F8EC390-9B1E-4230-BC5B-0ABD20C9193F}.Debug|Any CPU.ActiveCfg = Debug|Any CPU
		{6F8EC390-9B1E-4230-BC5B-0ABD20C9193F}.Debug|Any CPU.Build.0 = Debug|Any CPU
		{6F8EC390-9B1E-4230-BC5B-0ABD20C9193F}.Release|Any CPU.ActiveCfg = Release|Any CPU
		{6F8EC390-9B1E-4230-BC5B-0ABD20C9193F}.Release|Any CPU.Build.0 = Release|Any CPU
	EndGlobalSection
	GlobalSection(SolutionProperties) = preSolution
		HideSolutionNode = FALSE
	EndGlobalSection
	GlobalSection(ExtensibilityGlobals) = postSolution
		SolutionGuid = {E640D4B4-32EF-4F6A-BFC6-48B87E16C348}
	EndGlobalSection
EndGlobal
